
Microsoft Visual Studio Solution File, Format Version 12.00
# Visual Studio Version 16
VisualStudioVersion = 16.0.31112.23
MinimumVisualStudioVersion = 10.0.40219.1
Project("{8BC9CEB8-8B4A-11D0-8D11-00A0C91BC942}") = "SBBC", "SBBC\SBBC.vcxproj", "{C9812049-90E3-4CF0-B9E2-845082544ADF}"
EndProject
Global
	GlobalSection(SolutionConfigurationPlatforms) = preSolution
		Debug|x64 = Debug|x64
		Release|x64 = Release|x64
	EndGlobalSection
	GlobalSection(ProjectConfigurationPlatforms) = postSolution
		{C9812049-90E3-4CF0-B9E2-845082544ADF}.Debug|x64.ActiveCfg = Debug|x64
		{C9812049-90E3-4CF0-B9E2-845082544ADF}.Debug|x64.Build.0 = Debug|x64
		{C9812049-90E3-4CF0-B9E2-845082544ADF}.Release|x64.ActiveCfg = Release|x64
		{C9812049-90E3-4CF0-B9E2-845082544ADF}.Release|x64.Build.0 = Release|x64
	EndGlobalSection
	GlobalSection(SolutionProperties) = preSolution
		HideSolutionNode = FALSE
	EndGlobalSection
	GlobalSection(ExtensibilityGlobals) = postSolution
		SolutionGuid = {EE4CCC09-9A86-4B83-B179-0F5A0530BEA4}
	EndGlobalSection
EndGlobal
